{
  "name": "reel-time",
  "version": "1.0.0",
  "lockfileVersion": 3,
  "requires": true,
  "packages": {
    "": {
      "name": "reel-time",
      "version": "1.0.0",
      "license": "ISC",
      "dependencies": {
        "csv-stringify": "^5.6.5",
        "file-saver": "^2.0.5"
      },
      "devDependencies": {}
    },
    "node_modules/csv-stringify": {
      "version": "5.6.5",
      "resolved": "https://registry.npmjs.org/csv-stringify/-/csv-stringify-5.6.5.tgz",
      "integrity": "sha512-PjiQ659aQ+fUTQqSrd1XEDnOr52jh30RBurfzkscaE2tPaFsDH5wOAHJiw8XAHphRknCwMUE9KRayc4K/NbO8A==",
      "license": "MIT"
    },
    "node_modules/file-saver": {
      "version": "2.0.5",
      "resolved": "https://registry.npmjs.org/file-saver/-/file-saver-2.0.5.tgz",
      "integrity": "sha512-P9bmyZ3h/PRG+Nzga+rbdI4OEpNDzAVyy74uVO9ATgzLK6VtAsYybF/+TOCvrc0MO793d6+42lLyZTw7/ArVzA==",
      "license": "MIT"
    }
  }
}
